
Microsoft Visual Studio Solution File, Format Version 12.00
# Visual Studio Version 16
VisualStudioVersion = 16.0.30114.105
MinimumVisualStudioVersion = 10.0.40219.1
Project("{FAE04EC0-301F-11D3-BF4B-00C04F79EFBC}") = "Gravatar", "Gravatar\Gravatar.csproj", "{0B7DCAEB-792A-492E-BDC6-3C8BF63E1625}"
EndProject
Project("{FAE04EC0-301F-11D3-BF4B-00C04F79EFBC}") = "Gravatar.Tests", "Gravatar.Tests\Gravatar.Tests.csproj", "{90F722D6-AAE6-4680-8DDF-68A78F3A0CF1}"
EndProject
Global
	GlobalSection(SolutionConfigurationPlatforms) = preSolution
		Debug|Any CPU = Debug|Any CPU
		Debug|x64 = Debug|x64
		Debug|x86 = Debug|x86
		Release|Any CPU = Release|Any CPU
		Release|x64 = Release|x64
		Release|x86 = Release|x86
	EndGlobalSection
	GlobalSection(SolutionProperties) = preSolution
		HideSolutionNode = FALSE
	EndGlobalSection
	GlobalSection(ProjectConfigurationPlatforms) = postSolution
		{0B7DCAEB-792A-492E-BDC6-3C8BF63E1625}.Debug|Any CPU.ActiveCfg = Debug|Any CPU
		{0B7DCAEB-792A-492E-BDC6-3C8BF63E1625}.Debug|Any CPU.Build.0 = Debug|Any CPU
		{0B7DCAEB-792A-492E-BDC6-3C8BF63E1625}.Debug|x64.ActiveCfg = Debug|Any CPU
		{0B7DCAEB-792A-492E-BDC6-3C8BF63E1625}.Debug|x64.Build.0 = Debug|Any CPU
		{0B7DCAEB-792A-492E-BDC6-3C8BF63E1625}.Debug|x86.ActiveCfg = Debug|Any CPU
		{0B7DCAEB-792A-492E-BDC6-3C8BF63E1625}.Debug|x86.Build.0 = Debug|Any CPU
		{0B7DCAEB-792A-492E-BDC6-3C8BF63E1625}.Release|Any CPU.ActiveCfg = Release|Any CPU
		{0B7DCAEB-792A-492E-BDC6-3C8BF63E1625}.Release|Any CPU.Build.0 = Release|Any CPU
		{0B7DCAEB-792A-492E-BDC6-3C8BF63E1625}.Release|x64.ActiveCfg = Release|Any CPU
		{0B7DCAEB-792A-492E-BDC6-3C8BF63E1625}.Release|x64.Build.0 = Release|Any CPU
		{0B7DCAEB-792A-492E-BDC6-3C8BF63E1625}.Release|x86.ActiveCfg = Release|Any CPU
		{0B7DCAEB-792A-492E-BDC6-3C8BF63E1625}.Release|x86.Build.0 = Release|Any CPU
		{90F722D6-AAE6-4680-8DDF-68A78F3A0CF1}.Debug|Any CPU.ActiveCfg = Debug|Any CPU
		{90F722D6-AAE6-4680-8DDF-68A78F3A0CF1}.Debug|Any CPU.Build.0 = Debug|Any CPU
		{90F722D6-AAE6-4680-8DDF-68A78F3A0CF1}.Debug|x64.ActiveCfg = Debug|Any CPU
		{90F722D6-AAE6-4680-8DDF-68A78F3A0CF1}.Debug|x64.Build.0 = Debug|Any CPU
		{90F722D6-AAE6-4680-8DDF-68A78F3A0CF1}.Debug|x86.ActiveCfg = Debug|Any CPU
		{90F722D6-AAE6-4680-8DDF-68A78F3A0CF1}.Debug|x86.Build.0 = Debug|Any CPU
		{90F722D6-AAE6-4680-8DDF-68A78F3A0CF1}.Release|Any CPU.ActiveCfg = Release|Any CPU
		{90F722D6-AAE6-4680-8DDF-68A78F3A0CF1}.Release|Any CPU.Build.0 = Release|Any CPU
		{90F722D6-AAE6-4680-8DDF-68A78F3A0CF1}.Release|x64.ActiveCfg = Release|Any CPU
		{90F722D6-AAE6-4680-8DDF-68A78F3A0CF1}.Release|x64.Build.0 = Release|Any CPU
		{90F722D6-AAE6-4680-8DDF-68A78F3A0CF1}.Release|x86.ActiveCfg = Release|Any CPU
		{90F722D6-AAE6-4680-8DDF-68A78F3A0CF1}.Release|x86.Build.0 = Release|Any CPU
	EndGlobalSection
EndGlobal
